
Microsoft Visual Studio Solution File, Format Version 12.00
# Visual Studio 14
VisualStudioVersion = 14.0.25420.1
MinimumVisualStudioVersion = 10.0.40219.1
Project("{FAE04EC0-301F-11D3-BF4B-00C04F79EFBC}") = "TestURLScheme", "TestURLScheme\TestURLScheme\TestURLScheme.csproj", "{E4B50011-832F-4EFA-85D4-9999E2B9E4B9}"
EndProject
Project("{FAE04EC0-301F-11D3-BF4B-00C04F79EFBC}") = "TestURLScheme.Droid", "TestURLScheme\TestURLScheme.Droid\TestURLScheme.Droid.csproj", "{E4ACC04C-EEA7-46C3-B89D-455AB5B6BAED}"
EndProject
Project("{FAE04EC0-301F-11D3-BF4B-00C04F79EFBC}") = "TestURLScheme.iOS", "TestURLScheme\TestURLScheme.iOS\TestURLScheme.iOS.csproj", "{B453C179-5193-4DDF-9DCB-C43D5B1992F9}"
EndProject
Project("{FAE04EC0-301F-11D3-BF4B-00C04F79EFBC}") = "TestURLScheme.WinPhone", "TestURLScheme\TestURLScheme.WinPhone\TestURLScheme.WinPhone.csproj", "{20805411-60A5-4755-A24B-30F89D3F8A5C}"
EndProject
Project("{FAE04EC0-301F-11D3-BF4B-00C04F79EFBC}") = "TestURLScheme.UWP", "TestURLScheme\TestURLScheme.UWP\TestURLScheme.UWP.csproj", "{DAA7B8B5-8B75-4148-82B7-2A2A5B5232BE}"
EndProject
Project("{FAE04EC0-301F-11D3-BF4B-00C04F79EFBC}") = "TestURLScheme.Windows", "TestURLScheme\TestURLScheme.Windows\TestURLScheme.Windows.csproj", "{C4F6D14B-602F-44C4-AC38-37977219AFA4}"
EndProject
Global
	GlobalSection(SolutionConfigurationPlatforms) = preSolution
		Ad-Hoc|Any CPU = Ad-Hoc|Any CPU
		Ad-Hoc|ARM = Ad-Hoc|ARM
		Ad-Hoc|iPhone = Ad-Hoc|iPhone
		Ad-Hoc|iPhoneSimulator = Ad-Hoc|iPhoneSimulator
		Ad-Hoc|x64 = Ad-Hoc|x64
		Ad-Hoc|x86 = Ad-Hoc|x86
		AppStore|Any CPU = AppStore|Any CPU
		AppStore|ARM = AppStore|ARM
		AppStore|iPhone = AppStore|iPhone
		AppStore|iPhoneSimulator = AppStore|iPhoneSimulator
		AppStore|x64 = AppStore|x64
		AppStore|x86 = AppStore|x86
		Debug|Any CPU = Debug|Any CPU
		Debug|ARM = Debug|ARM
		Debug|iPhone = Debug|iPhone
		Debug|iPhoneSimulator = Debug|iPhoneSimulator
		Debug|x64 = Debug|x64
		Debug|x86 = Debug|x86
		Release|Any CPU = Release|Any CPU
		Release|ARM = Release|ARM
		Release|iPhone = Release|iPhone
		Release|iPhoneSimulator = Release|iPhoneSimulator
		Release|x64 = Release|x64
		Release|x86 = Release|x86
	EndGlobalSection
	GlobalSection(ProjectConfigurationPlatforms) = postSolution
		{E4B50011-832F-4EFA-85D4-9999E2B9E4B9}.Ad-Hoc|Any CPU.ActiveCfg = Release|Any CPU
		{E4B50011-832F-4EFA-85D4-9999E2B9E4B9}.Ad-Hoc|Any CPU.Build.0 = Release|Any CPU
		{E4B50011-832F-4EFA-85D4-9999E2B9E4B9}.Ad-Hoc|ARM.ActiveCfg = Release|Any CPU
		{E4B50011-832F-4EFA-85D4-9999E2B9E4B9}.Ad-Hoc|ARM.Build.0 = Release|Any CPU
		{E4B50011-832F-4EFA-85D4-9999E2B9E4B9}.Ad-Hoc|iPhone.ActiveCfg = Release|Any CPU
		{E4B50011-832F-4EFA-85D4-9999E2B9E4B9}.Ad-Hoc|iPhone.Build.0 = Release|Any CPU
		{E4B50011-832F-4EFA-85D4-9999E2B9E4B9}.Ad-Hoc|iPhoneSimulator.ActiveCfg = Release|Any CPU
		{E4B50011-832F-4EFA-85D4-9999E2B9E4B9}.Ad-Hoc|iPhoneSimulator.Build.0 = Release|Any CPU
		{E4B50011-832F-4EFA-85D4-9999E2B9E4B9}.Ad-Hoc|x64.ActiveCfg = Release|Any CPU
		{E4B50011-832F-4EFA-85D4-9999E2B9E4B9}.Ad-Hoc|x64.Build.0 = Release|Any CPU
		{E4B50011-832F-4EFA-85D4-9999E2B9E4B9}.Ad-Hoc|x86.ActiveCfg = Release|Any CPU
		{E4B50011-832F-4EFA-85D4-9999E2B9E4B9}.Ad-Hoc|x86.Build.0 = Release|Any CPU
		{E4B50011-832F-4EFA-85D4-9999E2B9E4B9}.AppStore|Any CPU.ActiveCfg = Release|Any CPU
		{E4B50011-832F-4EFA-85D4-9999E2B9E4B9}.AppStore|Any CPU.Build.0 = Release|Any CPU
		{E4B50011-832F-4EFA-85D4-9999E2B9E4B9}.AppStore|ARM.ActiveCfg = Release|Any CPU
		{E4B50011-832F-4EFA-85D4-9999E2B9E4B9}.AppStore|ARM.Build.0 = Release|Any CPU
		{E4B50011-832F-4EFA-85D4-9999E2B9E4B9}.AppStore|iPhone.ActiveCfg = Release|Any CPU
		{E4B50011-832F-4EFA-85D4-9999E2B9E4B9}.AppStore|iPhone.Build.0 = Release|Any CPU
		{E4B50011-832F-4EFA-85D4-9999E2B9E4B9}.AppStore|iPhoneSimulator.ActiveCfg = Release|Any CPU
		{E4B50011-832F-4EFA-85D4-9999E2B9E4B9}.AppStore|iPhoneSimulator.Build.0 = Release|Any CPU
		{E4B50011-832F-4EFA-85D4-9999E2B9E4B9}.AppStore|x64.ActiveCfg = Release|Any CPU
		{E4B50011-832F-4EFA-85D4-9999E2B9E4B9}.AppStore|x64.Build.0 = Release|Any CPU
		{E4B50011-832F-4EFA-85D4-9999E2B9E4B9}.AppStore|x86.ActiveCfg = Release|Any CPU
		{E4B50011-832F-4EFA-85D4-9999E2B9E4B9}.AppStore|x86.Build.0 = Release|Any CPU
		{E4B50011-832F-4EFA-85D4-9999E2B9E4B9}.Debug|Any CPU.ActiveCfg = Debug|Any CPU
		{E4B50011-832F-4EFA-85D4-9999E2B9E4B9}.Debug|Any CPU.Build.0 = Debug|Any CPU
		{E4B50011-832F-4EFA-85D4-9999E2B9E4B9}.Debug|ARM.ActiveCfg = Debug|Any CPU
		{E4B50011-832F-4EFA-85D4-9999E2B9E4B9}.Debug|ARM.Build.0 = Debug|Any CPU
		{E4B50011-832F-4EFA-85D4-9999E2B9E4B9}.Debug|iPhone.ActiveCfg = Debug|Any CPU
		{E4B50011-832F-4EFA-85D4-9999E2B9E4B9}.Debug|iPhone.Build.0 = Debug|Any CPU
		{E4B50011-832F-4EFA-85D4-9999E2B9E4B9}.Debug|iPhoneSimulator.ActiveCfg = Debug|Any CPU
		{E4B50011-832F-4EFA-85D4-9999E2B9E4B9}.Debug|iPhoneSimulator.Build.0 = Debug|Any CPU
		{E4B50011-832F-4EFA-85D4-9999E2B9E4B9}.Debug|x64.ActiveCfg = Debug|Any CPU
		{E4B50011-832F-4EFA-85D4-9999E2B9E4B9}.Debug|x64.Build.0 = Debug|Any CPU
		{E4B50011-832F-4EFA-85D4-9999E2B9E4B9}.Debug|x86.ActiveCfg = Debug|Any CPU
		{E4B50011-832F-4EFA-85D4-9999E2B9E4B9}.Debug|x86.Build.0 = Debug|Any CPU
		{E4B50011-832F-4EFA-85D4-9999E2B9E4B9}.Release|Any CPU.ActiveCfg = Release|Any CPU
		{E4B50011-832F-4EFA-85D4-9999E2B9E4B9}.Release|Any CPU.Build.0 = Release|Any CPU
		{E4B50011-832F-4EFA-85D4-9999E2B9E4B9}.Release|ARM.ActiveCfg = Release|Any CPU
		{E4B50011-832F-4EFA-85D4-9999E2B9E4B9}.Release|ARM.Build.0 = Release|Any CPU
		{E4B50011-832F-4EFA-85D4-9999E2B9E4B9}.Release|iPhone.ActiveCfg = Release|Any CPU
		{E4B50011-832F-4EFA-85D4-9999E2B9E4B9}.Release|iPhone.Build.0 = Release|Any CPU
		{E4B50011-832F-4EFA-85D4-9999E2B9E4B9}.Release|iPhoneSimulator.ActiveCfg = Release|Any CPU
		{E4B50011-832F-4EFA-85D4-9999E2B9E4B9}.Release|iPhoneSimulator.Build.0 = Release|Any CPU
		{E4B50011-832F-4EFA-85D4-9999E2B9E4B9}.Release|x64.ActiveCfg = Release|Any CPU
		{E4B50011-832F-4EFA-85D4-9999E2B9E4B9}.Release|x64.Build.0 = Release|Any CPU
		{E4B50011-832F-4EFA-85D4-9999E2B9E4B9}.Release|x86.ActiveCfg = Release|Any CPU
		{E4B50011-832F-4EFA-85D4-9999E2B9E4B9}.Release|x86.Build.0 = Release|Any CPU
		{E4ACC04C-EEA7-46C3-B89D-455AB5B6BAED}.Ad-Hoc|Any CPU.ActiveCfg = Release|Any CPU
		{E4ACC04C-EEA7-46C3-B89D-455AB5B6BAED}.Ad-Hoc|Any CPU.Build.0 = Release|Any CPU
		{E4ACC04C-EEA7-46C3-B89D-455AB5B6BAED}.Ad-Hoc|Any CPU.Deploy.0 = Release|Any CPU
		{E4ACC04C-EEA7-46C3-B89D-455AB5B6BAED}.Ad-Hoc|ARM.ActiveCfg = Release|Any CPU
		{E4ACC04C-EEA7-46C3-B89D-455AB5B6BAED}.Ad-Hoc|ARM.Build.0 = Release|Any CPU
		{E4ACC04C-EEA7-46C3-B89D-455AB5B6BAED}.Ad-Hoc|ARM.Deploy.0 = Release|Any CPU
		{E4ACC04C-EEA7-46C3-B89D-455AB5B6BAED}.Ad-Hoc|iPhone.ActiveCfg = Release|Any CPU
		{E4ACC04C-EEA7-46C3-B89D-455AB5B6BAED}.Ad-Hoc|iPhone.Build.0 = Release|Any CPU
		{E4ACC04C-EEA7-46C3-B89D-455AB5B6BAED}.Ad-Hoc|iPhone.Deploy.0 = Release|Any CPU
		{E4ACC04C-EEA7-46C3-B89D-455AB5B6BAED}.Ad-Hoc|iPhoneSimulator.ActiveCfg = Release|Any CPU
		{E4ACC04C-EEA7-46C3-B89D-455AB5B6BAED}.Ad-Hoc|iPhoneSimulator.Build.0 = Release|Any CPU
		{E4ACC04C-EEA7-46C3-B89D-455AB5B6BAED}.Ad-Hoc|iPhoneSimulator.Deploy.0 = Release|Any CPU
		{E4ACC04C-EEA7-46C3-B89D-455AB5B6BAED}.Ad-Hoc|x64.ActiveCfg = Release|Any CPU
		{E4ACC04C-EEA7-46C3-B89D-455AB5B6BAED}.Ad-Hoc|x64.Build.0 = Release|Any CPU
		{E4ACC04C-EEA7-46C3-B89D-455AB5B6BAED}.Ad-Hoc|x64.Deploy.0 = Release|Any CPU
		{E4ACC04C-EEA7-46C3-B89D-455AB5B6BAED}.Ad-Hoc|x86.ActiveCfg = Release|Any CPU
		{E4ACC04C-EEA7-46C3-B89D-455AB5B6BAED}.Ad-Hoc|x86.Build.0 = Release|Any CPU
		{E4ACC04C-EEA7-46C3-B89D-455AB5B6BAED}.Ad-Hoc|x86.Deploy.0 = Release|Any CPU
		{E4ACC04C-EEA7-46C3-B89D-455AB5B6BAED}.AppStore|Any CPU.ActiveCfg = Release|Any CPU
		{E4ACC04C-EEA7-46C3-B89D-455AB5B6BAED}.AppStore|Any CPU.Build.0 = Release|Any CPU
		{E4ACC04C-EEA7-46C3-B89D-455AB5B6BAED}.AppStore|Any CPU.Deploy.0 = Release|Any CPU
		{E4ACC04C-EEA7-46C3-B89D-455AB5B6BAED}.AppStore|ARM.ActiveCfg = Release|Any CPU
		{E4ACC04C-EEA7-46C3-B89D-455AB5B6BAED}.AppStore|ARM.Build.0 = Release|Any CPU
		{E4ACC04C-EEA7-46C3-B89D-455AB5B6BAED}.AppStore|ARM.Deploy.0 = Release|Any CPU
		{E4ACC04C-EEA7-46C3-B89D-455AB5B6BAED}.AppStore|iPhone.ActiveCfg = Release|Any CPU
		{E4ACC04C-EEA7-46C3-B89D-455AB5B6BAED}.AppStore|iPhone.Build.0 = Release|Any CPU
		{E4ACC04C-EEA7-46C3-B89D-455AB5B6BAED}.AppStore|iPhone.Deploy.0 = Release|Any CPU
		{E4ACC04C-EEA7-46C3-B89D-455AB5B6BAED}.AppStore|iPhoneSimulator.ActiveCfg = Release|Any CPU
		{E4ACC04C-EEA7-46C3-B89D-455AB5B6BAED}.AppStore|iPhoneSimulator.Build.0 = Release|Any CPU
		{E4ACC04C-EEA7-46C3-B89D-455AB5B6BAED}.AppStore|iPhoneSimulator.Deploy.0 = Release|Any CPU
		{E4ACC04C-EEA7-46C3-B89D-455AB5B6BAED}.AppStore|x64.ActiveCfg = Release|Any CPU
		{E4ACC04C-EEA7-46C3-B89D-455AB5B6BAED}.AppStore|x64.Build.0 = Release|Any CPU
		{E4ACC04C-EEA7-46C3-B89D-455AB5B6BAED}.AppStore|x64.Deploy.0 = Release|Any CPU
		{E4ACC04C-EEA7-46C3-B89D-455AB5B6BAED}.AppStore|x86.ActiveCfg = Release|Any CPU
		{E4ACC04C-EEA7-46C3-B89D-455AB5B6BAED}.AppStore|x86.Build.0 = Release|Any CPU
		{E4ACC04C-EEA7-46C3-B89D-455AB5B6BAED}.AppStore|x86.Deploy.0 = Release|Any CPU
		{E4ACC04C-EEA7-46C3-B89D-455AB5B6BAED}.Debug|Any CPU.ActiveCfg = Debug|Any CPU
		{E4ACC04C-EEA7-46C3-B89D-455AB5B6BAED}.Debug|Any CPU.Build.0 = Debug|Any CPU
		{E4ACC04C-EEA7-46C3-B89D-455AB5B6BAED}.Debug|Any CPU.Deploy.0 = Debug|Any CPU
		{E4ACC04C-EEA7-46C3-B89D-455AB5B6BAED}.Debug|ARM.ActiveCfg = Debug|Any CPU
		{E4ACC04C-EEA7-46C3-B89D-455AB5B6BAED}.Debug|ARM.Build.0 = Debug|Any CPU
		{E4ACC04C-EEA7-46C3-B89D-455AB5B6BAED}.Debug|ARM.Deploy.0 = Debug|Any CPU
		{E4ACC04C-EEA7-46C3-B89D-455AB5B6BAED}.Debug|iPhone.ActiveCfg = Debug|Any CPU
		{E4ACC04C-EEA7-46C3-B89D-455AB5B6BAED}.Debug|iPhone.Build.0 = Debug|Any CPU
		{E4ACC04C-EEA7-46C3-B89D-455AB5B6BAED}.Debug|iPhone.Deploy.0 = Debug|Any CPU
		{E4ACC04C-EEA7-46C3-B89D-455AB5B6BAED}.Debug|iPhoneSimulator.ActiveCfg = Debug|Any CPU
		{E4ACC04C-EEA7-46C3-B89D-455AB5B6BAED}.Debug|iPhoneSimulator.Build.0 = Debug|Any CPU
		{E4ACC04C-EEA7-46C3-B89D-455AB5B6BAED}.Debug|iPhoneSimulator.Deploy.0 = Debug|Any CPU
		{E4ACC04C-EEA7-46C3-B89D-455AB5B6BAED}.Debug|x64.ActiveCfg = Debug|Any CPU
		{E4ACC04C-EEA7-46C3-B89D-455AB5B6BAED}.Debug|x64.Build.0 = Debug|Any CPU
		{E4ACC04C-EEA7-46C3-B89D-455AB5B6BAED}.Debug|x64.Deploy.0 = Debug|Any CPU
		{E4ACC04C-EEA7-46C3-B89D-455AB5B6BAED}.Debug|x86.ActiveCfg = Debug|Any CPU
		{E4ACC04C-EEA7-46C3-B89D-455AB5B6BAED}.Debug|x86.Build.0 = Debug|Any CPU
		{E4ACC04C-EEA7-46C3-B89D-455AB5B6BAED}.Debug|x86.Deploy.0 = Debug|Any CPU
		{E4ACC04C-EEA7-46C3-B89D-455AB5B6BAED}.Release|Any CPU.ActiveCfg = Release|Any CPU
		{E4ACC04C-EEA7-46C3-B89D-455AB5B6BAED}.Release|Any CPU.Build.0 = Release|Any CPU
		{E4ACC04C-EEA7-46C3-B89D-455AB5B6BAED}.Release|Any CPU.Deploy.0 = Release|Any CPU
		{E4ACC04C-EEA7-46C3-B89D-455AB5B6BAED}.Release|ARM.ActiveCfg = Release|Any CPU
		{E4ACC04C-EEA7-46C3-B89D-455AB5B6BAED}.Release|ARM.Build.0 = Release|Any CPU
		{E4ACC04C-EEA7-46C3-B89D-455AB5B6BAED}.Release|ARM.Deploy.0 = Release|Any CPU
		{E4ACC04C-EEA7-46C3-B89D-455AB5B6BAED}.Release|iPhone.ActiveCfg = Release|Any CPU
		{E4ACC04C-EEA7-46C3-B89D-455AB5B6BAED}.Release|iPhone.Build.0 = Release|Any CPU
		{E4ACC04C-EEA7-46C3-B89D-455AB5B6BAED}.Release|iPhone.Deploy.0 = Release|Any CPU
		{E4ACC04C-EEA7-46C3-B89D-455AB5B6BAED}.Release|iPhoneSimulator.ActiveCfg = Release|Any CPU
		{E4ACC04C-EEA7-46C3-B89D-455AB5B6BAED}.Release|iPhoneSimulator.Build.0 = Release|Any CPU
		{E4ACC04C-EEA7-46C3-B89D-455AB5B6BAED}.Release|iPhoneSimulator.Deploy.0 = Release|Any CPU
		{E4ACC04C-EEA7-46C3-B89D-455AB5B6BAED}.Release|x64.ActiveCfg = Release|Any CPU
		{E4ACC04C-EEA7-46C3-B89D-455AB5B6BAED}.Release|x64.Build.0 = Release|Any CPU
		{E4ACC04C-EEA7-46C3-B89D-455AB5B6BAED}.Release|x64.Deploy.0 = Release|Any CPU
		{E4ACC04C-EEA7-46C3-B89D-455AB5B6BAED}.Release|x86.ActiveCfg = Release|Any CPU
		{E4ACC04C-EEA7-46C3-B89D-455AB5B6BAED}.Release|x86.Build.0 = Release|Any CPU
		{E4ACC04C-EEA7-46C3-B89D-455AB5B6BAED}.Release|x86.Deploy.0 = Release|Any CPU
		{B453C179-5193-4DDF-9DCB-C43D5B1992F9}.Ad-Hoc|Any CPU.ActiveCfg = Ad-Hoc|iPhone
		{B453C179-5193-4DDF-9DCB-C43D5B1992F9}.Ad-Hoc|ARM.ActiveCfg = Ad-Hoc|iPhone
		{B453C179-5193-4DDF-9DCB-C43D5B1992F9}.Ad-Hoc|iPhone.ActiveCfg = Ad-Hoc|iPhone
		{B453C179-5193-4DDF-9DCB-C43D5B1992F9}.Ad-Hoc|iPhone.Build.0 = Ad-Hoc|iPhone
		{B453C179-5193-4DDF-9DCB-C43D5B1992F9}.Ad-Hoc|iPhoneSimulator.ActiveCfg = Ad-Hoc|iPhoneSimulator
		{B453C179-5193-4DDF-9DCB-C43D5B1992F9}.Ad-Hoc|iPhoneSimulator.Build.0 = Ad-Hoc|iPhoneSimulator
		{B453C179-5193-4DDF-9DCB-C43D5B1992F9}.Ad-Hoc|x64.ActiveCfg = Ad-Hoc|iPhone
		{B453C179-5193-4DDF-9DCB-C43D5B1992F9}.Ad-Hoc|x86.ActiveCfg = Ad-Hoc|iPhone
		{B453C179-5193-4DDF-9DCB-C43D5B1992F9}.AppStore|Any CPU.ActiveCfg = AppStore|iPhone
		{B453C179-5193-4DDF-9DCB-C43D5B1992F9}.AppStore|ARM.ActiveCfg = AppStore|iPhone
		{B453C179-5193-4DDF-9DCB-C43D5B1992F9}.AppStore|iPhone.ActiveCfg = AppStore|iPhone
		{B453C179-5193-4DDF-9DCB-C43D5B1992F9}.AppStore|iPhone.Build.0 = AppStore|iPhone
		{B453C179-5193-4DDF-9DCB-C43D5B1992F9}.AppStore|iPhoneSimulator.ActiveCfg = AppStore|iPhoneSimulator
		{B453C179-5193-4DDF-9DCB-C43D5B1992F9}.AppStore|iPhoneSimulator.Build.0 = AppStore|iPhoneSimulator
		{B453C179-5193-4DDF-9DCB-C43D5B1992F9}.AppStore|x64.ActiveCfg = AppStore|iPhone
		{B453C179-5193-4DDF-9DCB-C43D5B1992F9}.AppStore|x86.ActiveCfg = AppStore|iPhone
		{B453C179-5193-4DDF-9DCB-C43D5B1992F9}.Debug|Any CPU.ActiveCfg = Debug|iPhone
		{B453C179-5193-4DDF-9DCB-C43D5B1992F9}.Debug|ARM.ActiveCfg = Debug|iPhone
		{B453C179-5193-4DDF-9DCB-C43D5B1992F9}.Debug|iPhone.ActiveCfg = Debug|iPhone
		{B453C179-5193-4DDF-9DCB-C43D5B1992F9}.Debug|iPhone.Build.0 = Debug|iPhone
		{B453C179-5193-4DDF-9DCB-C43D5B1992F9}.Debug|iPhoneSimulator.ActiveCfg = Debug|iPhoneSimulator
		{B453C179-5193-4DDF-9DCB-C43D5B1992F9}.Debug|iPhoneSimulator.Build.0 = Debug|iPhoneSimulator
		{B453C179-5193-4DDF-9DCB-C43D5B1992F9}.Debug|x64.ActiveCfg = Debug|iPhone
		{B453C179-5193-4DDF-9DCB-C43D5B1992F9}.Debug|x86.ActiveCfg = Debug|iPhone
		{B453C179-5193-4DDF-9DCB-C43D5B1992F9}.Release|Any CPU.ActiveCfg = Release|iPhone
		{B453C179-5193-4DDF-9DCB-C43D5B1992F9}.Release|ARM.ActiveCfg = Release|iPhone
		{B453C179-5193-4DDF-9DCB-C43D5B1992F9}.Release|iPhone.ActiveCfg = Release|iPhone
		{B453C179-5193-4DDF-9DCB-C43D5B1992F9}.Release|iPhone.Build.0 = Release|iPhone
		{B453C179-5193-4DDF-9DCB-C43D5B1992F9}.Release|iPhoneSimulator.ActiveCfg = Release|iPhoneSimulator
		{B453C179-5193-4DDF-9DCB-C43D5B1992F9}.Release|iPhoneSimulator.Build.0 = Release|iPhoneSimulator
		{B453C179-5193-4DDF-9DCB-C43D5B1992F9}.Release|x64.ActiveCfg = Release|iPhone
		{B453C179-5193-4DDF-9DCB-C43D5B1992F9}.Release|x86.ActiveCfg = Release|iPhone
		{20805411-60A5-4755-A24B-30F89D3F8A5C}.Ad-Hoc|Any CPU.ActiveCfg = Release|Any CPU
		{20805411-60A5-4755-A24B-30F89D3F8A5C}.Ad-Hoc|Any CPU.Build.0 = Release|Any CPU
		{20805411-60A5-4755-A24B-30F89D3F8A5C}.Ad-Hoc|Any CPU.Deploy.0 = Release|Any CPU
		{20805411-60A5-4755-A24B-30F89D3F8A5C}.Ad-Hoc|ARM.ActiveCfg = Release|ARM
		{20805411-60A5-4755-A24B-30F89D3F8A5C}.Ad-Hoc|ARM.Build.0 = Release|ARM
		{20805411-60A5-4755-A24B-30F89D3F8A5C}.Ad-Hoc|ARM.Deploy.0 = Release|ARM
		{20805411-60A5-4755-A24B-30F89D3F8A5C}.Ad-Hoc|iPhone.ActiveCfg = Release|Any CPU
		{20805411-60A5-4755-A24B-30F89D3F8A5C}.Ad-Hoc|iPhone.Build.0 = Release|Any CPU
		{20805411-60A5-4755-A24B-30F89D3F8A5C}.Ad-Hoc|iPhone.Deploy.0 = Release|Any CPU
		{20805411-60A5-4755-A24B-30F89D3F8A5C}.Ad-Hoc|iPhoneSimulator.ActiveCfg = Release|Any CPU
		{20805411-60A5-4755-A24B-30F89D3F8A5C}.Ad-Hoc|iPhoneSimulator.Build.0 = Release|Any CPU
		{20805411-60A5-4755-A24B-30F89D3F8A5C}.Ad-Hoc|iPhoneSimulator.Deploy.0 = Release|Any CPU
		{20805411-60A5-4755-A24B-30F89D3F8A5C}.Ad-Hoc|x64.ActiveCfg = Release|Any CPU
		{20805411-60A5-4755-A24B-30F89D3F8A5C}.Ad-Hoc|x64.Build.0 = Release|Any CPU
		{20805411-60A5-4755-A24B-30F89D3F8A5C}.Ad-Hoc|x64.Deploy.0 = Release|Any CPU
		{20805411-60A5-4755-A24B-30F89D3F8A5C}.Ad-Hoc|x86.ActiveCfg = Release|x86
		{20805411-60A5-4755-A24B-30F89D3F8A5C}.Ad-Hoc|x86.Build.0 = Release|x86
		{20805411-60A5-4755-A24B-30F89D3F8A5C}.Ad-Hoc|x86.Deploy.0 = Release|x86
		{20805411-60A5-4755-A24B-30F89D3F8A5C}.AppStore|Any CPU.ActiveCfg = Release|Any CPU
		{20805411-60A5-4755-A24B-30F89D3F8A5C}.AppStore|Any CPU.Build.0 = Release|Any CPU
		{20805411-60A5-4755-A24B-30F89D3F8A5C}.AppStore|Any CPU.Deploy.0 = Release|Any CPU
		{20805411-60A5-4755-A24B-30F89D3F8A5C}.AppStore|ARM.ActiveCfg = Release|ARM
		{20805411-60A5-4755-A24B-30F89D3F8A5C}.AppStore|ARM.Build.0 = Release|ARM
		{20805411-60A5-4755-A24B-30F89D3F8A5C}.AppStore|ARM.Deploy.0 = Release|ARM
		{20805411-60A5-4755-A24B-30F89D3F8A5C}.AppStore|iPhone.ActiveCfg = Release|Any CPU
		{20805411-60A5-4755-A24B-30F89D3F8A5C}.AppStore|iPhone.Build.0 = Release|Any CPU
		{20805411-60A5-4755-A24B-30F89D3F8A5C}.AppStore|iPhone.Deploy.0 = Release|Any CPU
		{20805411-60A5-4755-A24B-30F89D3F8A5C}.AppStore|iPhoneSimulator.ActiveCfg = Release|Any CPU
		{20805411-60A5-4755-A24B-30F89D3F8A5C}.AppStore|iPhoneSimulator.Build.0 = Release|Any CPU
		{20805411-60A5-4755-A24B-30F89D3F8A5C}.AppStore|iPhoneSimulator.Deploy.0 = Release|Any CPU
		{20805411-60A5-4755-A24B-30F89D3F8A5C}.AppStore|x64.ActiveCfg = Release|Any CPU
		{20805411-60A5-4755-A24B-30F89D3F8A5C}.AppStore|x64.Build.0 = Release|Any CPU
		{20805411-60A5-4755-A24B-30F89D3F8A5C}.AppStore|x64.Deploy.0 = Release|Any CPU
		{20805411-60A5-4755-A24B-30F89D3F8A5C}.AppStore|x86.ActiveCfg = Release|x86
		{20805411-60A5-4755-A24B-30F89D3F8A5C}.AppStore|x86.Build.0 = Release|x86
		{20805411-60A5-4755-A24B-30F89D3F8A5C}.AppStore|x86.Deploy.0 = Release|x86
		{20805411-60A5-4755-A24B-30F89D3F8A5C}.Debug|Any CPU.ActiveCfg = Debug|Any CPU
		{20805411-60A5-4755-A24B-30F89D3F8A5C}.Debug|Any CPU.Build.0 = Debug|Any CPU
		{20805411-60A5-4755-A24B-30F89D3F8A5C}.Debug|Any CPU.Deploy.0 = Debug|Any CPU
		{20805411-60A5-4755-A24B-30F89D3F8A5C}.Debug|ARM.ActiveCfg = Debug|ARM
		{20805411-60A5-4755-A24B-30F89D3F8A5C}.Debug|ARM.Build.0 = Debug|ARM
		{20805411-60A5-4755-A24B-30F89D3F8A5C}.Debug|ARM.Deploy.0 = Debug|ARM
		{20805411-60A5-4755-A24B-30F89D3F8A5C}.Debug|iPhone.ActiveCfg = Debug|Any CPU
		{20805411-60A5-4755-A24B-30F89D3F8A5C}.Debug|iPhone.Build.0 = Debug|Any CPU
		{20805411-60A5-4755-A24B-30F89D3F8A5C}.Debug|iPhone.Deploy.0 = Debug|Any CPU
		{20805411-60A5-4755-A24B-30F89D3F8A5C}.Debug|iPhoneSimulator.ActiveCfg = Debug|Any CPU
		{20805411-60A5-4755-A24B-30F89D3F8A5C}.Debug|iPhoneSimulator.Build.0 = Debug|Any CPU
		{20805411-60A5-4755-A24B-30F89D3F8A5C}.Debug|iPhoneSimulator.Deploy.0 = Debug|Any CPU
		{20805411-60A5-4755-A24B-30F89D3F8A5C}.Debug|x64.ActiveCfg = Debug|Any CPU
		{20805411-60A5-4755-A24B-30F89D3F8A5C}.Debug|x64.Build.0 = Debug|Any CPU
		{20805411-60A5-4755-A24B-30F89D3F8A5C}.Debug|x64.Deploy.0 = Debug|Any CPU
		{20805411-60A5-4755-A24B-30F89D3F8A5C}.Debug|x86.ActiveCfg = Debug|x86
		{20805411-60A5-4755-A24B-30F89D3F8A5C}.Debug|x86.Build.0 = Debug|x86
		{20805411-60A5-4755-A24B-30F89D3F8A5C}.Debug|x86.Deploy.0 = Debug|x86
		{20805411-60A5-4755-A24B-30F89D3F8A5C}.Release|Any CPU.ActiveCfg = Release|Any CPU
		{20805411-60A5-4755-A24B-30F89D3F8A5C}.Release|Any CPU.Build.0 = Release|Any CPU
		{20805411-60A5-4755-A24B-30F89D3F8A5C}.Release|Any CPU.Deploy.0 = Release|Any CPU
		{20805411-60A5-4755-A24B-30F89D3F8A5C}.Release|ARM.ActiveCfg = Release|ARM
		{20805411-60A5-4755-A24B-30F89D3F8A5C}.Release|ARM.Build.0 = Release|ARM
		{20805411-60A5-4755-A24B-30F89D3F8A5C}.Release|ARM.Deploy.0 = Release|ARM
		{20805411-60A5-4755-A24B-30F89D3F8A5C}.Release|iPhone.ActiveCfg = Release|Any CPU
		{20805411-60A5-4755-A24B-30F89D3F8A5C}.Release|iPhone.Build.0 = Release|Any CPU
		{20805411-60A5-4755-A24B-30F89D3F8A5C}.Release|iPhone.Deploy.0 = Release|Any CPU
		{20805411-60A5-4755-A24B-30F89D3F8A5C}.Release|iPhoneSimulator.ActiveCfg = Release|Any CPU
		{20805411-60A5-4755-A24B-30F89D3F8A5C}.Release|iPhoneSimulator.Build.0 = Release|Any CPU
		{20805411-60A5-4755-A24B-30F89D3F8A5C}.Release|iPhoneSimulator.Deploy.0 = Release|Any CPU
		{20805411-60A5-4755-A24B-30F89D3F8A5C}.Release|x64.ActiveCfg = Release|Any CPU
		{20805411-60A5-4755-A24B-30F89D3F8A5C}.Release|x64.Build.0 = Release|Any CPU
		{20805411-60A5-4755-A24B-30F89D3F8A5C}.Release|x64.Deploy.0 = Release|Any CPU
		{20805411-60A5-4755-A24B-30F89D3F8A5C}.Release|x86.ActiveCfg = Release|x86
		{20805411-60A5-4755-A24B-30F89D3F8A5C}.Release|x86.Build.0 = Release|x86
		{20805411-60A5-4755-A24B-30F89D3F8A5C}.Release|x86.Deploy.0 = Release|x86
		{DAA7B8B5-8B75-4148-82B7-2A2A5B5232BE}.Ad-Hoc|Any CPU.ActiveCfg = Release|x86
		{DAA7B8B5-8B75-4148-82B7-2A2A5B5232BE}.Ad-Hoc|Any CPU.Build.0 = Release|x86
		{DAA7B8B5-8B75-4148-82B7-2A2A5B5232BE}.Ad-Hoc|Any CPU.Deploy.0 = Release|x86
		{DAA7B8B5-8B75-4148-82B7-2A2A5B5232BE}.Ad-Hoc|ARM.ActiveCfg = Release|ARM
		{DAA7B8B5-8B75-4148-82B7-2A2A5B5232BE}.Ad-Hoc|ARM.Build.0 = Release|ARM
		{DAA7B8B5-8B75-4148-82B7-2A2A5B5232BE}.Ad-Hoc|ARM.Deploy.0 = Release|ARM
		{DAA7B8B5-8B75-4148-82B7-2A2A5B5232BE}.Ad-Hoc|iPhone.ActiveCfg = Release|x86
		{DAA7B8B5-8B75-4148-82B7-2A2A5B5232BE}.Ad-Hoc|iPhone.Build.0 = Release|x86
		{DAA7B8B5-8B75-4148-82B7-2A2A5B5232BE}.Ad-Hoc|iPhone.Deploy.0 = Release|x86
		{DAA7B8B5-8B75-4148-82B7-2A2A5B5232BE}.Ad-Hoc|iPhoneSimulator.ActiveCfg = Release|x86
		{DAA7B8B5-8B75-4148-82B7-2A2A5B5232BE}.Ad-Hoc|iPhoneSimulator.Build.0 = Release|x86
		{DAA7B8B5-8B75-4148-82B7-2A2A5B5232BE}.Ad-Hoc|iPhoneSimulator.Deploy.0 = Release|x86
		{DAA7B8B5-8B75-4148-82B7-2A2A5B5232BE}.Ad-Hoc|x64.ActiveCfg = Release|x64
		{DAA7B8B5-8B75-4148-82B7-2A2A5B5232BE}.Ad-Hoc|x64.Build.0 = Release|x64
		{DAA7B8B5-8B75-4148-82B7-2A2A5B5232BE}.Ad-Hoc|x64.Deploy.0 = Release|x64
		{DAA7B8B5-8B75-4148-82B7-2A2A5B5232BE}.Ad-Hoc|x86.ActiveCfg = Release|x86
		{DAA7B8B5-8B75-4148-82B7-2A2A5B5232BE}.Ad-Hoc|x86.Build.0 = Release|x86
		{DAA7B8B5-8B75-4148-82B7-2A2A5B5232BE}.Ad-Hoc|x86.Deploy.0 = Release|x86
		{DAA7B8B5-8B75-4148-82B7-2A2A5B5232BE}.AppStore|Any CPU.ActiveCfg = Release|x86
		{DAA7B8B5-8B75-4148-82B7-2A2A5B5232BE}.AppStore|Any CPU.Build.0 = Release|x86
		{DAA7B8B5-8B75-4148-82B7-2A2A5B5232BE}.AppStore|Any CPU.Deploy.0 = Release|x86
		{DAA7B8B5-8B75-4148-82B7-2A2A5B5232BE}.AppStore|ARM.ActiveCfg = Release|ARM
		{DAA7B8B5-8B75-4148-82B7-2A2A5B5232BE}.AppStore|ARM.Build.0 = Release|ARM
		{DAA7B8B5-8B75-4148-82B7-2A2A5B5232BE}.AppStore|ARM.Deploy.0 = Release|ARM
		{DAA7B8B5-8B75-4148-82B7-2A2A5B5232BE}.AppStore|iPhone.ActiveCfg = Release|x86
		{DAA7B8B5-8B75-4148-82B7-2A2A5B5232BE}.AppStore|iPhone.Build.0 = Release|x86
		{DAA7B8B5-8B75-4148-82B7-2A2A5B5232BE}.AppStore|iPhone.Deploy.0 = Release|x86
		{DAA7B8B5-8B75-4148-82B7-2A2A5B5232BE}.AppStore|iPhoneSimulator.ActiveCfg = Release|x86
		{DAA7B8B5-8B75-4148-82B7-2A2A5B5232BE}.AppStore|iPhoneSimulator.Build.0 = Release|x86
		{DAA7B8B5-8B75-4148-82B7-2A2A5B5232BE}.AppStore|iPhoneSimulator.Deploy.0 = Release|x86
		{DAA7B8B5-8B75-4148-82B7-2A2A5B5232BE}.AppStore|x64.ActiveCfg = Release|x64
		{DAA7B8B5-8B75-4148-82B7-2A2A5B5232BE}.AppStore|x64.Build.0 = Release|x64
		{DAA7B8B5-8B75-4148-82B7-2A2A5B5232BE}.AppStore|x64.Deploy.0 = Release|x64
		{DAA7B8B5-8B75-4148-82B7-2A2A5B5232BE}.AppStore|x86.ActiveCfg = Release|x86
		{DAA7B8B5-8B75-4148-82B7-2A2A5B5232BE}.AppStore|x86.Build.0 = Release|x86
		{DAA7B8B5-8B75-4148-82B7-2A2A5B5232BE}.AppStore|x86.Deploy.0 = Release|x86
		{DAA7B8B5-8B75-4148-82B7-2A2A5B5232BE}.Debug|Any CPU.ActiveCfg = Debug|x86
		{DAA7B8B5-8B75-4148-82B7-2A2A5B5232BE}.Debug|ARM.ActiveCfg = Debug|ARM
		{DAA7B8B5-8B75-4148-82B7-2A2A5B5232BE}.Debug|ARM.Build.0 = Debug|ARM
		{DAA7B8B5-8B75-4148-82B7-2A2A5B5232BE}.Debug|ARM.Deploy.0 = Debug|ARM
		{DAA7B8B5-8B75-4148-82B7-2A2A5B5232BE}.Debug|iPhone.ActiveCfg = Debug|x86
		{DAA7B8B5-8B75-4148-82B7-2A2A5B5232BE}.Debug|iPhoneSimulator.ActiveCfg = Debug|x86
		{DAA7B8B5-8B75-4148-82B7-2A2A5B5232BE}.Debug|x64.ActiveCfg = Debug|x64
		{DAA7B8B5-8B75-4148-82B7-2A2A5B5232BE}.Debug|x64.Build.0 = Debug|x64
		{DAA7B8B5-8B75-4148-82B7-2A2A5B5232BE}.Debug|x64.Deploy.0 = Debug|x64
		{DAA7B8B5-8B75-4148-82B7-2A2A5B5232BE}.Debug|x86.ActiveCfg = Debug|x86
		{DAA7B8B5-8B75-4148-82B7-2A2A5B5232BE}.Debug|x86.Build.0 = Debug|x86
		{DAA7B8B5-8B75-4148-82B7-2A2A5B5232BE}.Debug|x86.Deploy.0 = Debug|x86
		{DAA7B8B5-8B75-4148-82B7-2A2A5B5232BE}.Release|Any CPU.ActiveCfg = Release|x86
		{DAA7B8B5-8B75-4148-82B7-2A2A5B5232BE}.Release|ARM.ActiveCfg = Release|ARM
		{DAA7B8B5-8B75-4148-82B7-2A2A5B5232BE}.Release|ARM.Build.0 = Release|ARM
		{DAA7B8B5-8B75-4148-82B7-2A2A5B5232BE}.Release|ARM.Deploy.0 = Release|ARM
		{DAA7B8B5-8B75-4148-82B7-2A2A5B5232BE}.Release|iPhone.ActiveCfg = Release|x86
		{DAA7B8B5-8B75-4148-82B7-2A2A5B5232BE}.Release|iPhoneSimulator.ActiveCfg = Release|x86
		{DAA7B8B5-8B75-4148-82B7-2A2A5B5232BE}.Release|x64.ActiveCfg = Release|x64
		{DAA7B8B5-8B75-4148-82B7-2A2A5B5232BE}.Release|x64.Build.0 = Release|x64
		{DAA7B8B5-8B75-4148-82B7-2A2A5B5232BE}.Release|x64.Deploy.0 = Release|x64
		{DAA7B8B5-8B75-4148-82B7-2A2A5B5232BE}.Release|x86.ActiveCfg = Release|x86
		{DAA7B8B5-8B75-4148-82B7-2A2A5B5232BE}.Release|x86.Build.0 = Release|x86
		{DAA7B8B5-8B75-4148-82B7-2A2A5B5232BE}.Release|x86.Deploy.0 = Release|x86
		{C4F6D14B-602F-44C4-AC38-37977219AFA4}.Ad-Hoc|Any CPU.ActiveCfg = Release|Any CPU
		{C4F6D14B-602F-44C4-AC38-37977219AFA4}.Ad-Hoc|Any CPU.Build.0 = Release|Any CPU
		{C4F6D14B-602F-44C4-AC38-37977219AFA4}.Ad-Hoc|Any CPU.Deploy.0 = Release|Any CPU
		{C4F6D14B-602F-44C4-AC38-37977219AFA4}.Ad-Hoc|ARM.ActiveCfg = Release|ARM
		{C4F6D14B-602F-44C4-AC38-37977219AFA4}.Ad-Hoc|ARM.Build.0 = Release|ARM
		{C4F6D14B-602F-44C4-AC38-37977219AFA4}.Ad-Hoc|ARM.Deploy.0 = Release|ARM
		{C4F6D14B-602F-44C4-AC38-37977219AFA4}.Ad-Hoc|iPhone.ActiveCfg = Release|Any CPU
		{C4F6D14B-602F-44C4-AC38-37977219AFA4}.Ad-Hoc|iPhone.Build.0 = Release|Any CPU
		{C4F6D14B-602F-44C4-AC38-37977219AFA4}.Ad-Hoc|iPhone.Deploy.0 = Release|Any CPU
		{C4F6D14B-602F-44C4-AC38-37977219AFA4}.Ad-Hoc|iPhoneSimulator.ActiveCfg = Release|Any CPU
		{C4F6D14B-602F-44C4-AC38-37977219AFA4}.Ad-Hoc|iPhoneSimulator.Build.0 = Release|Any CPU
		{C4F6D14B-602F-44C4-AC38-37977219AFA4}.Ad-Hoc|iPhoneSimulator.Deploy.0 = Release|Any CPU
		{C4F6D14B-602F-44C4-AC38-37977219AFA4}.Ad-Hoc|x64.ActiveCfg = Release|x64
		{C4F6D14B-602F-44C4-AC38-37977219AFA4}.Ad-Hoc|x64.Build.0 = Release|x64
		{C4F6D14B-602F-44C4-AC38-37977219AFA4}.Ad-Hoc|x64.Deploy.0 = Release|x64
		{C4F6D14B-602F-44C4-AC38-37977219AFA4}.Ad-Hoc|x86.ActiveCfg = Release|x86
		{C4F6D14B-602F-44C4-AC38-37977219AFA4}.Ad-Hoc|x86.Build.0 = Release|x86
		{C4F6D14B-602F-44C4-AC38-37977219AFA4}.Ad-Hoc|x86.Deploy.0 = Release|x86
		{C4F6D14B-602F-44C4-AC38-37977219AFA4}.AppStore|Any CPU.ActiveCfg = Release|Any CPU
		{C4F6D14B-602F-44C4-AC38-37977219AFA4}.AppStore|Any CPU.Build.0 = Release|Any CPU
		{C4F6D14B-602F-44C4-AC38-37977219AFA4}.AppStore|Any CPU.Deploy.0 = Release|Any CPU
		{C4F6D14B-602F-44C4-AC38-37977219AFA4}.AppStore|ARM.ActiveCfg = Release|ARM
		{C4F6D14B-602F-44C4-AC38-37977219AFA4}.AppStore|ARM.Build.0 = Release|ARM
		{C4F6D14B-602F-44C4-AC38-37977219AFA4}.AppStore|ARM.Deploy.0 = Release|ARM
		{C4F6D14B-602F-44C4-AC38-37977219AFA4}.AppStore|iPhone.ActiveCfg = Release|Any CPU
		{C4F6D14B-602F-44C4-AC38-37977219AFA4}.AppStore|iPhone.Build.0 = Release|Any CPU
		{C4F6D14B-602F-44C4-AC38-37977219AFA4}.AppStore|iPhone.Deploy.0 = Release|Any CPU
		{C4F6D14B-602F-44C4-AC38-37977219AFA4}.AppStore|iPhoneSimulator.ActiveCfg = Release|Any CPU
		{C4F6D14B-602F-44C4-AC38-37977219AFA4}.AppStore|iPhoneSimulator.Build.0 = Release|Any CPU
		{C4F6D14B-602F-44C4-AC38-37977219AFA4}.AppStore|iPhoneSimulator.Deploy.0 = Release|Any CPU
		{C4F6D14B-602F-44C4-AC38-37977219AFA4}.AppStore|x64.ActiveCfg = Release|x64
		{C4F6D14B-602F-44C4-AC38-37977219AFA4}.AppStore|x64.Build.0 = Release|x64
		{C4F6D14B-602F-44C4-AC38-37977219AFA4}.AppStore|x64.Deploy.0 = Release|x64
		{C4F6D14B-602F-44C4-AC38-37977219AFA4}.AppStore|x86.ActiveCfg = Release|x86
		{C4F6D14B-602F-44C4-AC38-37977219AFA4}.AppStore|x86.Build.0 = Release|x86
		{C4F6D14B-602F-44C4-AC38-37977219AFA4}.AppStore|x86.Deploy.0 = Release|x86
		{C4F6D14B-602F-44C4-AC38-37977219AFA4}.Debug|Any CPU.ActiveCfg = Debug|Any CPU
		{C4F6D14B-602F-44C4-AC38-37977219AFA4}.Debug|Any CPU.Build.0 = Debug|Any CPU
		{C4F6D14B-602F-44C4-AC38-37977219AFA4}.Debug|Any CPU.Deploy.0 = Debug|Any CPU
		{C4F6D14B-602F-44C4-AC38-37977219AFA4}.Debug|ARM.ActiveCfg = Debug|ARM
		{C4F6D14B-602F-44C4-AC38-37977219AFA4}.Debug|ARM.Build.0 = Debug|ARM
		{C4F6D14B-602F-44C4-AC38-37977219AFA4}.Debug|ARM.Deploy.0 = Debug|ARM
		{C4F6D14B-602F-44C4-AC38-37977219AFA4}.Debug|iPhone.ActiveCfg = Debug|Any CPU
		{C4F6D14B-602F-44C4-AC38-37977219AFA4}.Debug|iPhone.Build.0 = Debug|Any CPU
		{C4F6D14B-602F-44C4-AC38-37977219AFA4}.Debug|iPhone.Deploy.0 = Debug|Any CPU
		{C4F6D14B-602F-44C4-AC38-37977219AFA4}.Debug|iPhoneSimulator.ActiveCfg = Debug|Any CPU
		{C4F6D14B-602F-44C4-AC38-37977219AFA4}.Debug|iPhoneSimulator.Build.0 = Debug|Any CPU
		{C4F6D14B-602F-44C4-AC38-37977219AFA4}.Debug|iPhoneSimulator.Deploy.0 = Debug|Any CPU
		{C4F6D14B-602F-44C4-AC38-37977219AFA4}.Debug|x64.ActiveCfg = Debug|x64
		{C4F6D14B-602F-44C4-AC38-37977219AFA4}.Debug|x64.Build.0 = Debug|x64
		{C4F6D14B-602F-44C4-AC38-37977219AFA4}.Debug|x64.Deploy.0 = Debug|x64
		{C4F6D14B-602F-44C4-AC38-37977219AFA4}.Debug|x86.ActiveCfg = Debug|x86
		{C4F6D14B-602F-44C4-AC38-37977219AFA4}.Debug|x86.Build.0 = Debug|x86
		{C4F6D14B-602F-44C4-AC38-37977219AFA4}.Debug|x86.Deploy.0 = Debug|x86
		{C4F6D14B-602F-44C4-AC38-37977219AFA4}.Release|Any CPU.ActiveCfg = Release|Any CPU
		{C4F6D14B-602F-44C4-AC38-37977219AFA4}.Release|Any CPU.Build.0 = Release|Any CPU
		{C4F6D14B-602F-44C4-AC38-37977219AFA4}.Release|Any CPU.Deploy.0 = Release|Any CPU
		{C4F6D14B-602F-44C4-AC38-37977219AFA4}.Release|ARM.ActiveCfg = Release|ARM
		{C4F6D14B-602F-44C4-AC38-37977219AFA4}.Release|ARM.Build.0 = Release|ARM
		{C4F6D14B-602F-44C4-AC38-37977219AFA4}.Release|ARM.Deploy.0 = Release|ARM
		{C4F6D14B-602F-44C4-AC38-37977219AFA4}.Release|iPhone.ActiveCfg = Release|Any CPU
		{C4F6D14B-602F-44C4-AC38-37977219AFA4}.Release|iPhone.Build.0 = Release|Any CPU
		{C4F6D14B-602F-44C4-AC38-37977219AFA4}.Release|iPhone.Deploy.0 = Release|Any CPU
		{C4F6D14B-602F-44C4-AC38-37977219AFA4}.Release|iPhoneSimulator.ActiveCfg = Release|Any CPU
		{C4F6D14B-602F-44C4-AC38-37977219AFA4}.Release|iPhoneSimulator.Build.0 = Release|Any CPU
		{C4F6D14B-602F-44C4-AC38-37977219AFA4}.Release|iPhoneSimulator.Deploy.0 = Release|Any CPU
		{C4F6D14B-602F-44C4-AC38-37977219AFA4}.Release|x64.ActiveCfg = Release|x64
		{C4F6D14B-602F-44C4-AC38-37977219AFA4}.Release|x64.Build.0 = Release|x64
		{C4F6D14B-602F-44C4-AC38-37977219AFA4}.Release|x64.Deploy.0 = Release|x64
		{C4F6D14B-602F-44C4-AC38-37977219AFA4}.Release|x86.ActiveCfg = Release|x86
		{C4F6D14B-602F-44C4-AC38-37977219AFA4}.Release|x86.Build.0 = Release|x86
		{C4F6D14B-602F-44C4-AC38-37977219AFA4}.Release|x86.Deploy.0 = Release|x86
	EndGlobalSection
	GlobalSection(SolutionProperties) = preSolution
		HideSolutionNode = FALSE
	EndGlobalSection
EndGlobal
